
Microsoft Visual Studio Solution File, Format Version 11.00
# Visual Studio 2010
Project("{FAE04EC0-301F-11D3-BF4B-00C04F79EFBC}") = "comp_lab1", "comp_lab1\comp_lab1.csproj", "{D61E036A-CE2C-4009-9011-FCF024F175CE}"
EndProject
Global
	GlobalSection(SolutionConfigurationPlatforms) = preSolution
		Debug|Any CPU = Debug|Any CPU
		Release|Any CPU = Release|Any CPU
	EndGlobalSection
	GlobalSection(ProjectConfigurationPlatforms) = postSolution
		{D61E036A-CE2C-4009-9011-FCF024F175CE}.Debug|Any CPU.ActiveCfg = Debug|Any CPU
		{D61E036A-CE2C-4009-9011-FCF024F175CE}.Debug|Any CPU.Build.0 = Debug|Any CPU
		{D61E036A-CE2C-4009-9011-FCF024F175CE}.Release|Any CPU.ActiveCfg = Release|Any CPU
		{D61E036A-CE2C-4009-9011-FCF024F175CE}.Release|Any CPU.Build.0 = Release|Any CPU
	EndGlobalSection
	GlobalSection(SolutionProperties) = preSolution
		HideSolutionNode = FALSE
	EndGlobalSection
EndGlobal
